
Microsoft Visual Studio Solution File, Format Version 12.00
# Visual Studio Version 17
VisualStudioVersion = 17.7.33808.371
MinimumVisualStudioVersion = 10.0.40219.1
Project("{2150E333-8FDC-42A3-9474-1A3956D46DE8}") = "DataAcces", "DataAcces", "{08A2EBD9-35A2-44CD-A4F0-ABB608916DB6}"
EndProject
Project("{9A19103F-16F7-4668-BE54-9A1E7A4F7556}") = "TA.UserAccount", "TA.UserAccount\TA.UserAccount\TA.UserAccount.csproj", "{241C431A-CE17-4328-95FD-59530B4044FC}"
EndProject
Project("{2150E333-8FDC-42A3-9474-1A3956D46DE8}") = "UserAccount", "UserAccount", "{8580655A-B558-4831-AC53-4178F67A7D87}"
EndProject
Project("{9A19103F-16F7-4668-BE54-9A1E7A4F7556}") = "UserAccount", "DataAccess\UserAccount\UserAccount.csproj", "{7EBF920C-A4C9-4EC3-B250-C7235CA9E433}"
EndProject
Project("{2150E333-8FDC-42A3-9474-1A3956D46DE8}") = "Framework", "Framework", "{93EFC578-550C-4E46-AABE-6D7D87724B2C}"
EndProject
Project("{9A19103F-16F7-4668-BE54-9A1E7A4F7556}") = "TA.Framework.Application", "Framework\TA.Framework.Application\TA.Framework.Application.csproj", "{C55CE618-1058-43BC-9AAB-5C53950CD9F8}"
EndProject
Project("{9A19103F-16F7-4668-BE54-9A1E7A4F7556}") = "TA.Framework.Core", "Framework\TA.Framework.Core\TA.Framework.Core.csproj", "{C6C513E1-B8E9-4F2C-B882-D8508622C19C}"
EndProject
Project("{9A19103F-16F7-4668-BE54-9A1E7A4F7556}") = "TA.Framework.Dto", "Framework\TA.Framework.Dto\TA.Framework.Dto.csproj", "{B8146A08-BB49-4780-879D-52AD2B1FB516}"
EndProject
Project("{9A19103F-16F7-4668-BE54-9A1E7A4F7556}") = "TA.Framework.ServiceInterface", "Framework\TA.Framework.ServiceInterface\TA.Framework.ServiceInterface.csproj", "{049EB8B7-49D6-4EF7-8B88-FDC4618CB453}"
EndProject
Project("{9A19103F-16F7-4668-BE54-9A1E7A4F7556}") = "TA.Framework.Service", "Framework\TA.Framework.Service\TA.Framework.Service.csproj", "{6745B6E8-517D-4012-A70E-B4C930CAB44D}"
EndProject
Project("{FAE04EC0-301F-11D3-BF4B-00C04F79EFBC}") = "TA.Framework.RepositoryInterface", "Framework\TA.Framework.RepositoryInterface\TA.Framework.RepositoryInterface.csproj", "{4092E051-C304-4C38-BB61-4FFEECFC8E06}"
EndProject
Project("{FAE04EC0-301F-11D3-BF4B-00C04F79EFBC}") = "TA.Framework.Repository", "Framework\TA.Framework.Repository\TA.Framework.Repository.csproj", "{EE816858-09F0-44EB-B286-431D8586CEE0}"
EndProject
Project("{FAE04EC0-301F-11D3-BF4B-00C04F79EFBC}") = "TA.Framework.Authorization", "Framework\TA.Framework.Authorization\TA.Framework.Authorization.csproj", "{9E338E6A-2EB0-4EEE-ACB7-32B47FABF132}"
EndProject
Global
	GlobalSection(SolutionConfigurationPlatforms) = preSolution
		Debug|Any CPU = Debug|Any CPU
		Release|Any CPU = Release|Any CPU
	EndGlobalSection
	GlobalSection(ProjectConfigurationPlatforms) = postSolution
		{241C431A-CE17-4328-95FD-59530B4044FC}.Debug|Any CPU.ActiveCfg = Debug|Any CPU
		{241C431A-CE17-4328-95FD-59530B4044FC}.Debug|Any CPU.Build.0 = Debug|Any CPU
		{241C431A-CE17-4328-95FD-59530B4044FC}.Release|Any CPU.ActiveCfg = Release|Any CPU
		{241C431A-CE17-4328-95FD-59530B4044FC}.Release|Any CPU.Build.0 = Release|Any CPU
		{7EBF920C-A4C9-4EC3-B250-C7235CA9E433}.Debug|Any CPU.ActiveCfg = Debug|Any CPU
		{7EBF920C-A4C9-4EC3-B250-C7235CA9E433}.Debug|Any CPU.Build.0 = Debug|Any CPU
		{7EBF920C-A4C9-4EC3-B250-C7235CA9E433}.Release|Any CPU.ActiveCfg = Release|Any CPU
		{7EBF920C-A4C9-4EC3-B250-C7235CA9E433}.Release|Any CPU.Build.0 = Release|Any CPU
		{C55CE618-1058-43BC-9AAB-5C53950CD9F8}.Debug|Any CPU.ActiveCfg = Debug|Any CPU
		{C55CE618-1058-43BC-9AAB-5C53950CD9F8}.Debug|Any CPU.Build.0 = Debug|Any CPU
		{C55CE618-1058-43BC-9AAB-5C53950CD9F8}.Release|Any CPU.ActiveCfg = Release|Any CPU
		{C55CE618-1058-43BC-9AAB-5C53950CD9F8}.Release|Any CPU.Build.0 = Release|Any CPU
		{C6C513E1-B8E9-4F2C-B882-D8508622C19C}.Debug|Any CPU.ActiveCfg = Debug|Any CPU
		{C6C513E1-B8E9-4F2C-B882-D8508622C19C}.Debug|Any CPU.Build.0 = Debug|Any CPU
		{C6C513E1-B8E9-4F2C-B882-D8508622C19C}.Release|Any CPU.ActiveCfg = Release|Any CPU
		{C6C513E1-B8E9-4F2C-B882-D8508622C19C}.Release|Any CPU.Build.0 = Release|Any CPU
		{B8146A08-BB49-4780-879D-52AD2B1FB516}.Debug|Any CPU.ActiveCfg = Debug|Any CPU
		{B8146A08-BB49-4780-879D-52AD2B1FB516}.Debug|Any CPU.Build.0 = Debug|Any CPU
		{B8146A08-BB49-4780-879D-52AD2B1FB516}.Release|Any CPU.ActiveCfg = Release|Any CPU
		{B8146A08-BB49-4780-879D-52AD2B1FB516}.Release|Any CPU.Build.0 = Release|Any CPU
		{049EB8B7-49D6-4EF7-8B88-FDC4618CB453}.Debug|Any CPU.ActiveCfg = Debug|Any CPU
		{049EB8B7-49D6-4EF7-8B88-FDC4618CB453}.Debug|Any CPU.Build.0 = Debug|Any CPU
		{049EB8B7-49D6-4EF7-8B88-FDC4618CB453}.Release|Any CPU.ActiveCfg = Release|Any CPU
		{049EB8B7-49D6-4EF7-8B88-FDC4618CB453}.Release|Any CPU.Build.0 = Release|Any CPU
		{6745B6E8-517D-4012-A70E-B4C930CAB44D}.Debug|Any CPU.ActiveCfg = Debug|Any CPU
		{6745B6E8-517D-4012-A70E-B4C930CAB44D}.Debug|Any CPU.Build.0 = Debug|Any CPU
		{6745B6E8-517D-4012-A70E-B4C930CAB44D}.Release|Any CPU.ActiveCfg = Release|Any CPU
		{6745B6E8-517D-4012-A70E-B4C930CAB44D}.Release|Any CPU.Build.0 = Release|Any CPU
		{4092E051-C304-4C38-BB61-4FFEECFC8E06}.Debug|Any CPU.ActiveCfg = Debug|Any CPU
		{4092E051-C304-4C38-BB61-4FFEECFC8E06}.Debug|Any CPU.Build.0 = Debug|Any CPU
		{4092E051-C304-4C38-BB61-4FFEECFC8E06}.Release|Any CPU.ActiveCfg = Release|Any CPU
		{4092E051-C304-4C38-BB61-4FFEECFC8E06}.Release|Any CPU.Build.0 = Release|Any CPU
		{EE816858-09F0-44EB-B286-431D8586CEE0}.Debug|Any CPU.ActiveCfg = Debug|Any CPU
		{EE816858-09F0-44EB-B286-431D8586CEE0}.Debug|Any CPU.Build.0 = Debug|Any CPU
		{EE816858-09F0-44EB-B286-431D8586CEE0}.Release|Any CPU.ActiveCfg = Release|Any CPU
		{EE816858-09F0-44EB-B286-431D8586CEE0}.Release|Any CPU.Build.0 = Release|Any CPU
		{9E338E6A-2EB0-4EEE-ACB7-32B47FABF132}.Debug|Any CPU.ActiveCfg = Debug|Any CPU
		{9E338E6A-2EB0-4EEE-ACB7-32B47FABF132}.Debug|Any CPU.Build.0 = Debug|Any CPU
		{9E338E6A-2EB0-4EEE-ACB7-32B47FABF132}.Release|Any CPU.ActiveCfg = Release|Any CPU
		{9E338E6A-2EB0-4EEE-ACB7-32B47FABF132}.Release|Any CPU.Build.0 = Release|Any CPU
	EndGlobalSection
	GlobalSection(SolutionProperties) = preSolution
		HideSolutionNode = FALSE
	EndGlobalSection
	GlobalSection(NestedProjects) = preSolution
		{8580655A-B558-4831-AC53-4178F67A7D87} = {08A2EBD9-35A2-44CD-A4F0-ABB608916DB6}
		{7EBF920C-A4C9-4EC3-B250-C7235CA9E433} = {8580655A-B558-4831-AC53-4178F67A7D87}
		{C55CE618-1058-43BC-9AAB-5C53950CD9F8} = {93EFC578-550C-4E46-AABE-6D7D87724B2C}
		{C6C513E1-B8E9-4F2C-B882-D8508622C19C} = {93EFC578-550C-4E46-AABE-6D7D87724B2C}
		{B8146A08-BB49-4780-879D-52AD2B1FB516} = {93EFC578-550C-4E46-AABE-6D7D87724B2C}
		{049EB8B7-49D6-4EF7-8B88-FDC4618CB453} = {93EFC578-550C-4E46-AABE-6D7D87724B2C}
		{6745B6E8-517D-4012-A70E-B4C930CAB44D} = {93EFC578-550C-4E46-AABE-6D7D87724B2C}
		{4092E051-C304-4C38-BB61-4FFEECFC8E06} = {93EFC578-550C-4E46-AABE-6D7D87724B2C}
		{EE816858-09F0-44EB-B286-431D8586CEE0} = {93EFC578-550C-4E46-AABE-6D7D87724B2C}
		{9E338E6A-2EB0-4EEE-ACB7-32B47FABF132} = {93EFC578-550C-4E46-AABE-6D7D87724B2C}
	EndGlobalSection
	GlobalSection(ExtensibilityGlobals) = postSolution
		SolutionGuid = {9C95DC2E-D64F-468F-92E6-EA8B29EFC435}
	EndGlobalSection
EndGlobal
